
Microsoft Visual Studio Solution File, Format Version 12.00
# Visual Studio Version 17
VisualStudioVersion = 17.4.33213.308
MinimumVisualStudioVersion = 10.0.40219.1
Project("{9A19103F-16F7-4668-BE54-9A1E7A4F7556}") = "Host", "Host.csproj", "{B9E855F3-5B5B-4718-B23F-164B049A315E}"
EndProject
Project("{9A19103F-16F7-4668-BE54-9A1E7A4F7556}") = "Models", "..\EssenceLib\Models.csproj", "{A434954D-1994-4548-9095-53E480629E62}"
EndProject
Global
	GlobalSection(SolutionConfigurationPlatforms) = preSolution
		Debug|Any CPU = Debug|Any CPU
		Release|Any CPU = Release|Any CPU
	EndGlobalSection
	GlobalSection(ProjectConfigurationPlatforms) = postSolution
		{B9E855F3-5B5B-4718-B23F-164B049A315E}.Debug|Any CPU.ActiveCfg = Debug|Any CPU
		{B9E855F3-5B5B-4718-B23F-164B049A315E}.Debug|Any CPU.Build.0 = Debug|Any CPU
		{B9E855F3-5B5B-4718-B23F-164B049A315E}.Release|Any CPU.ActiveCfg = Release|Any CPU
		{B9E855F3-5B5B-4718-B23F-164B049A315E}.Release|Any CPU.Build.0 = Release|Any CPU
		{A434954D-1994-4548-9095-53E480629E62}.Debug|Any CPU.ActiveCfg = Debug|Any CPU
		{A434954D-1994-4548-9095-53E480629E62}.Debug|Any CPU.Build.0 = Debug|Any CPU
		{A434954D-1994-4548-9095-53E480629E62}.Release|Any CPU.ActiveCfg = Release|Any CPU
		{A434954D-1994-4548-9095-53E480629E62}.Release|Any CPU.Build.0 = Release|Any CPU
	EndGlobalSection
	GlobalSection(SolutionProperties) = preSolution
		HideSolutionNode = FALSE
	EndGlobalSection
	GlobalSection(ExtensibilityGlobals) = postSolution
		SolutionGuid = {D224BC9B-2BD4-4116-8B62-BE3D5875BC15}
	EndGlobalSection
EndGlobal
